
Microsoft Visual Studio Solution File, Format Version 12.00
# Visual Studio Version 17
VisualStudioVersion = 17.13.35931.197
MinimumVisualStudioVersion = 10.0.40219.1
Project("{FAE04EC0-301F-11D3-BF4B-00C04F79EFBC}") = "GamedayTracker", "GamedayTracker\GamedayTracker.csproj", "{405C564F-9943-4AE3-B38E-4D47630EC16F}"
EndProject
Project("{FAE04EC0-301F-11D3-BF4B-00C04F79EFBC}") = "GamedayTracker.Services", "GamedayTracker.Services\GamedayTracker.Services.csproj", "{B1A9D5B9-64F6-4D5C-8DED-1024BD510C00}"
EndProject
Global
	GlobalSection(SolutionConfigurationPlatforms) = preSolution
		Debug|Any CPU = Debug|Any CPU
		Release|Any CPU = Release|Any CPU
	EndGlobalSection
	GlobalSection(ProjectConfigurationPlatforms) = postSolution
		{405C564F-9943-4AE3-B38E-4D47630EC16F}.Debug|Any CPU.ActiveCfg = Debug|Any CPU
		{405C564F-9943-4AE3-B38E-4D47630EC16F}.Debug|Any CPU.Build.0 = Debug|Any CPU
		{405C564F-9943-4AE3-B38E-4D47630EC16F}.Release|Any CPU.ActiveCfg = Release|Any CPU
		{405C564F-9943-4AE3-B38E-4D47630EC16F}.Release|Any CPU.Build.0 = Release|Any CPU
		{B1A9D5B9-64F6-4D5C-8DED-1024BD510C00}.Debug|Any CPU.ActiveCfg = Debug|Any CPU
		{B1A9D5B9-64F6-4D5C-8DED-1024BD510C00}.Debug|Any CPU.Build.0 = Debug|Any CPU
		{B1A9D5B9-64F6-4D5C-8DED-1024BD510C00}.Release|Any CPU.ActiveCfg = Release|Any CPU
		{B1A9D5B9-64F6-4D5C-8DED-1024BD510C00}.Release|Any CPU.Build.0 = Release|Any CPU
	EndGlobalSection
	GlobalSection(SolutionProperties) = preSolution
		HideSolutionNode = FALSE
	EndGlobalSection
	GlobalSection(ExtensibilityGlobals) = postSolution
		SolutionGuid = {87CFAA14-AEF0-4574-BB34-BC9E374DA547}
	EndGlobalSection
EndGlobal
